
Microsoft Visual Studio Solution File, Format Version 12.00
# Visual Studio 15
VisualStudioVersion = 15.0.28307.168
MinimumVisualStudioVersion = 10.0.40219.1
Project("{FAE04EC0-301F-11D3-BF4B-00C04F79EFBC}") = "TesteConsoleAPP", "TesteConsoleAPP\TesteConsoleAPP.csproj", "{62B1E494-0825-40C1-861C-E0F8CA4DF910}"
EndProject
Global
	GlobalSection(SolutionConfigurationPlatforms) = preSolution
		Debug|Any CPU = Debug|Any CPU
		Release|Any CPU = Release|Any CPU
	EndGlobalSection
	GlobalSection(ProjectConfigurationPlatforms) = postSolution
		{62B1E494-0825-40C1-861C-E0F8CA4DF910}.Debug|Any CPU.ActiveCfg = Debug|Any CPU
		{62B1E494-0825-40C1-861C-E0F8CA4DF910}.Debug|Any CPU.Build.0 = Debug|Any CPU
		{62B1E494-0825-40C1-861C-E0F8CA4DF910}.Release|Any CPU.ActiveCfg = Release|Any CPU
		{62B1E494-0825-40C1-861C-E0F8CA4DF910}.Release|Any CPU.Build.0 = Release|Any CPU
	EndGlobalSection
	GlobalSection(SolutionProperties) = preSolution
		HideSolutionNode = FALSE
	EndGlobalSection
	GlobalSection(ExtensibilityGlobals) = postSolution
		SolutionGuid = {2E81F15D-A39A-4BBE-9C9B-0E504BF8BBDC}
	EndGlobalSection
EndGlobal
